// !$*UTF8*$!
{
	archiveVersion = 1;
	classes = {
	};
	objectVersion = 46;
	objects = {

/* Begin PBXBuildFile section */
		6AAF8F4A1B01FEEC006D3CBD /* main.m in Sources */ = {isa = PBXBuildFile; fileRef = 6AAF8F491B01FEEC006D3CBD /* main.m */; };
		6AAF8F541B020029006D3CBD /* NSString+RALStringSugar.m in Sources */ = {isa = PBXBuildFile; fileRef = 6AAF8F531B020029006D3CBD /* NSString+RALStringSugar.m */; };
		6AAF8F591B020105006D3CBD /* RALMatchResult.m in Sources */ = {isa = PBXBuildFile; fileRef = 6AAF8F581B020105006D3CBD /* RALMatchResult.m */; };
/* End PBXBuildFile section */

/* Begin PBXCopyFilesBuildPhase section */
		6AAF8F441B01FEEC006D3CBD /* CopyFiles */ = {
			isa = PBXCopyFilesBuildPhase;
			buildActionMask = 2147483647;
			dstPath = /usr/share/man/man1/;
			dstSubfolderSpec = 0;
			files = (
			);
			runOnlyForDeploymentPostprocessing = 1;
		};
/* End PBXCopyFilesBuildPhase section */

/* Begin PBXFileReference section */
		6AAF8F461B01FEEC006D3CBD /* RALStringSugar */ = {isa = PBXFileReference; explicitFileType = "compiled.mach-o.executable"; includeInIndex = 0; path = RALStringSugar; sourceTree = BUILT_PRODUCTS_DIR; };
		6AAF8F491B01FEEC006D3CBD /* main.m */ = {isa = PBXFileReference; lastKnownFileType = sourcecode.c.objc; path = main.m; sourceTree = "<group>"; };
		6AAF8F521B020029006D3CBD /* NSString+RALStringSugar.h */ = {isa = PBXFileReference; fileEncoding = 4; lastKnownFileType = sourcecode.c.h; path = "NSString+RALStringSugar.h"; sourceTree = "<group>"; };
		6AAF8F531B020029006D3CBD /* NSString+RALStringSugar.m */ = {isa = PBXFileReference; fileEncoding = 4; lastKnownFileType = sourcecode.c.objc; path = "NSString+RALStringSugar.m"; sourceTree = "<group>"; };
		6AAF8F571B020105006D3CBD /* RALMatchResult.h */ = {isa = PBXFileReference; fileEncoding = 4; lastKnownFileType = sourcecode.c.h; path = RALMatchResult.h; sourceTree = "<group>"; };
		6AAF8F581B020105006D3CBD /* RALMatchResult.m */ = {isa = PBXFileReference; fileEncoding = 4; lastKnownFileType = sourcecode.c.objc; path = RALMatchResult.m; sourceTree = "<group>"; };
/* End PBXFileReference section */

/* Begin PBXFrameworksBuildPhase section */
		6AAF8F431B01FEEC006D3CBD /* Frameworks */ = {
			isa = PBXFrameworksBuildPhase;
			buildActionMask = 2147483647;
			files = (
			);
			runOnlyForDeploymentPostprocessing = 0;
		};
/* End PBXFrameworksBuildPhase section */

/* Begin PBXGroup section */
		6AAF8F3D1B01FEEC006D3CBD = {
			isa = PBXGroup;
			children = (
				6AAF8F481B01FEEC006D3CBD /* RALStringSugar */,
				6AAF8F471B01FEEC006D3CBD /* Products */,
			);
			sourceTree = "<group>";
		};
		6AAF8F471B01FEEC006D3CBD /* Products */ = {
			isa = PBXGroup;
			children = (
				6AAF8F461B01FEEC006D3CBD /* RALStringSugar */,
			);
			name = Products;
			sourceTree = "<group>";
		};
		6AAF8F481B01FEEC006D3CBD /* RALStringSugar */ = {
			isa = PBXGroup;
			children = (
				6AAF8F511B01FF9B006D3CBD /* Class */,
				6AAF8F491B01FEEC006D3CBD /* main.m */,
			);
			path = RALStringSugar;
			sourceTree = "<group>";
		};
		6AAF8F511B01FF9B006D3CBD /* Class */ = {
			isa = PBXGroup;
			children = (
				6AAF8F571B020105006D3CBD /* RALMatchResult.h */,
				6AAF8F581B020105006D3CBD /* RALMatchResult.m */,
				6AAF8F521B020029006D3CBD /* NSString+RALStringSugar.h */,
				6AAF8F531B020029006D3CBD /* NSString+RALStringSugar.m */,
			);
			path = Class;
			sourceTree = "<group>";
		};
/* End PBXGroup section */

/* Begin PBXNativeTarget section */
		6AAF8F451B01FEEC006D3CBD /* RALStringSugar */ = {
			isa = PBXNativeTarget;
			buildConfigurationList = 6AAF8F4D1B01FEEC006D3CBD /* Build configuration list for PBXNativeTarget "RALStringSugar" */;
			buildPhases = (
				6AAF8F421B01FEEC006D3CBD /* Sources */,
				6AAF8F431B01FEEC006D3CBD /* Frameworks */,
				6AAF8F441B01FEEC006D3CBD /* CopyFiles */,
			);
			buildRules = (
			);
			dependencies = (
			);
			name = RALStringSugar;
			productName = RALStringSugar;
			productReference = 6AAF8F461B01FEEC006D3CBD /* RALStringSugar */;
			productType = "com.apple.product-type.tool";
		};
/* End PBXNativeTarget section */

/* Begin PBXProject section */
		6AAF8F3E1B01FEEC006D3CBD /* Project object */ = {
			isa = PBXProject;
			attributes = {
				LastUpgradeCheck = 0630;
				ORGANIZATIONNAME = "Riddle Ling";
				TargetAttributes = {
					6AAF8F451B01FEEC006D3CBD = {
						CreatedOnToolsVersion = 6.3.1;
					};
				};
			};
			buildConfigurationList = 6AAF8F411B01FEEC006D3CBD /* Build configuration list for PBXProject "RALStringSugar" */;
			compatibilityVersion = "Xcode 3.2";
			developmentRegion = English;
			hasScannedForEncodings = 0;
			knownRegions = (
				en,
			);
			mainGroup = 6AAF8F3D1B01FEEC006D3CBD;
			productRefGroup = 6AAF8F471B01FEEC006D3CBD /* Products */;
			projectDirPath = "";
			projectRoot = "";
			targets = (
				6AAF8F451B01FEEC006D3CBD /* RALStringSugar */,
			);
		};
/* End PBXProject section */

/* Begin PBXSourcesBuildPhase section */
		6AAF8F421B01FEEC006D3CBD /* Sources */ = {
			isa = PBXSourcesBuildPhase;
			buildActionMask = 2147483647;
			files = (
				6AAF8F4A1B01FEEC006D3CBD /* main.m in Sources */,
				6AAF8F541B020029006D3CBD /* NSString+RALStringSugar.m in Sources */,
				6AAF8F591B020105006D3CBD /* RALMatchResult.m in Sources */,
			);
			runOnlyForDeploymentPostprocessing = 0;
		};
/* End PBXSourcesBuildPhase section */

/* Begin XCBuildConfiguration section */
		6AAF8F4B1B01FEEC006D3CBD /* Debug */ = {
			isa = XCBuildConfiguration;
			buildSettings = {
				ALWAYS_SEARCH_USER_PATHS = NO;
				CLANG_CXX_LANGUAGE_STANDARD = "gnu++0x";
				CLANG_CXX_LIBRARY = "libc++";
				CLANG_ENABLE_MODULES = YES;
				CLANG_ENABLE_OBJC_ARC = YES;
				CLANG_WARN_BOOL_CONVERSION = YES;
				CLANG_WARN_CONSTANT_CONVERSION = YES;
				CLANG_WARN_DIRECT_OBJC_ISA_USAGE = YES_ERROR;
				CLANG_WARN_EMPTY_BODY = YES;
				CLANG_WARN_ENUM_CONVERSION = YES;
				CLANG_WARN_INT_CONVERSION = YES;
				CLANG_WARN_OBJC_ROOT_CLASS = YES_ERROR;
				CLANG_WARN_UNREACHABLE_CODE = YES;
				CLANG_WARN__DUPLICATE_METHOD_MATCH = YES;
				COPY_PHASE_STRIP = NO;
				DEBUG_INFORMATION_FORMAT = dwarf;
				ENABLE_STRICT_OBJC_MSGSEND = YES;
				GCC_C_LANGUAGE_STANDARD = gnu99;
				GCC_DYNAMIC_NO_PIC = NO;
				GCC_NO_COMMON_BLOCKS = YES;
				GCC_OPTIMIZATION_LEVEL = 0;
				GCC_PREPROCESSOR_DEFINITIONS = (
					"DEBUG=1",
					"$(inherited)",
				);
				GCC_SYMBOLS_PRIVATE_EXTERN = NO;
				GCC_WARN_64_TO_32_BIT_CONVERSION = YES;
				GCC_WARN_ABOUT_RETURN_TYPE = YES_ERROR;
				GCC_WARN_UNDECLARED_SELECTOR = YES;
				GCC_WARN_UNINITIALIZED_AUTOS = YES_AGGRESSIVE;
				GCC_WARN_UNUSED_FUNCTION = YES;
				GCC_WARN_UNUSED_VARIABLE = YES;
				MACOSX_DEPLOYMENT_TARGET = 10.10;
				MTL_ENABLE_DEBUG_INFO = YES;
				ONLY_ACTIVE_ARCH = YES;
				SDKROOT = macosx;
			};
			name = Debug;
		};
		6AAF8F4C1B01FEEC006D3CBD /* Release */ = {
			isa = XCBuildConfiguration;
			buildSettings = {
				ALWAYS_SEARCH_USER_PATHS = NO;
				CLANG_CXX_LANGUAGE_STANDARD = "gnu++0x";
				CLANG_CXX_LIBRARY = "libc++";
				CLANG_ENABLE_MODULES = YES;
				CLANG_ENABLE_OBJC_ARC = YES;
				CLANG_WARN_BOOL_CONVERSION = YES;
				CLANG_WARN_CONSTANT_CONVERSION = YES;
				CLANG_WARN_DIRECT_OBJC_ISA_USAGE = YES_ERROR;
				CLANG_WARN_EMPTY_BODY = YES;
				CLANG_WARN_ENUM_CONVERSION = YES;
				CLANG_WARN_INT_CONVERSION = YES;
				CLANG_WARN_OBJC_ROOT_CLASS = YES_ERROR;
				CLANG_WARN_UNREACHABLE_CODE = YES;
				CLANG_WARN__DUPLICATE_METHOD_MATCH = YES;
				COPY_PHASE_STRIP = NO;
				DEBUG_INFORMATION_FORMAT = "dwarf-with-dsym";
				ENABLE_NS_ASSERTIONS = NO;
				ENABLE_STRICT_OBJC_MSGSEND = YES;
				GCC_C_LANGUAGE_STANDARD = gnu99;
				GCC_NO_COMMON_BLOCKS = YES;
				GCC_WARN_64_TO_32_BIT_CONVERSION = YES;
				GCC_WARN_ABOUT_RETURN_TYPE = YES_ERROR;
				GCC_WARN_UNDECLARED_SELECTOR = YES;
				GCC_WARN_UNINITIALIZED_AUTOS = YES_AGGRESSIVE;
				GCC_WARN_UNUSED_FUNCTION = YES;
				GCC_WARN_UNUSED_VARIABLE = YES;
				MACOSX_DEPLOYMENT_TARGET = 10.10;
				MTL_ENABLE_DEBUG_INFO = NO;
				SDKROOT = macosx;
			};
			name = Release;
		};
		6AAF8F4E1B01FEEC006D3CBD /* Debug */ = {
			isa = XCBuildConfiguration;
			buildSettings = {
				PRODUCT_NAME = "$(TARGET_NAME)";
			};
			name = Debug;
		};
		6AAF8F4F1B01FEEC006D3CBD /* Release */ = {
			isa = XCBuildConfiguration;
			buildSettings = {
				PRODUCT_NAME = "$(TARGET_NAME)";
			};
			name = Release;
		};
/* End XCBuildConfiguration section */

/* Begin XCConfigurationList section */
		6AAF8F411B01FEEC006D3CBD /* Build configuration list for PBXProject "RALStringSugar" */ = {
			isa = XCConfigurationList;
			buildConfigurations = (
				6AAF8F4B1B01FEEC006D3CBD /* Debug */,
				6AAF8F4C1B01FEEC006D3CBD /* Release */,
			);
			defaultConfigurationIsVisible = 0;
			defaultConfigurationName = Release;
		};
		6AAF8F4D1B01FEEC006D3CBD /* Build configuration list for PBXNativeTarget "RALStringSugar" */ = {
			isa = XCConfigurationList;
			buildConfigurations = (
				6AAF8F4E1B01FEEC006D3CBD /* Debug */,
				6AAF8F4F1B01FEEC006D3CBD /* Release */,
			);
			defaultConfigurationIsVisible = 0;
		};
/* End XCConfigurationList section */
	};
	rootObject = 6AAF8F3E1B01FEEC006D3CBD /* Project object */;
}
